// !$*UTF8*$!
{
	archiveVersion = 1;
	classes = {
	};
	objectVersion = 46;
	objects = {

/* Begin PBXBuildFile section */
		4F2319DE862AB6207F1B8742 /* libPods-Marcus.a in Frameworks */ = {isa = PBXBuildFile; fileRef = EB8E7E4C4A9A36BEC3D29D2E /* libPods-Marcus.a */; };
		612AF3D31C65C01C003B3ABD /* scratchpad in Resources */ = {isa = PBXBuildFile; fileRef = 612AF3D21C65C01C003B3ABD /* scratchpad */; };
		615118141BEEDEA100F2B485 /* main.m in Sources */ = {isa = PBXBuildFile; fileRef = 615118131BEEDEA100F2B485 /* main.m */; };
		615118171BEEDEA100F2B485 /* SMGAppDelegate.m in Sources */ = {isa = PBXBuildFile; fileRef = 615118161BEEDEA100F2B485 /* SMGAppDelegate.m */; };
		615118341BEEF44100F2B485 /* SMGViewController.m in Sources */ = {isa = PBXBuildFile; fileRef = 615118331BEEF44100F2B485 /* SMGViewController.m */; };
		6151184B1BEF034700F2B485 /* app-info.html in Resources */ = {isa = PBXBuildFile; fileRef = 6151184A1BEF034700F2B485 /* app-info.html */; };
		6151184D1BEF042700F2B485 /* app-info.css in Resources */ = {isa = PBXBuildFile; fileRef = 6151184C1BEF042700F2B485 /* app-info.css */; };
		61518B101C65F33200266581 /* SMGAppDelegateJan2016.m in Sources */ = {isa = PBXBuildFile; fileRef = 61518B0F1C65F33200266581 /* SMGAppDelegateJan2016.m */; };
		616CBC981CC6AF3D0022C64D /* SMGViewHeader.m in Sources */ = {isa = PBXBuildFile; fileRef = 616CBC971CC6AF3D0022C64D /* SMGViewHeader.m */; };
		6182BE1B2186055A0036830F /* Assets.xcassets in Resources */ = {isa = PBXBuildFile; fileRef = 6182BE1A2186055A0036830F /* Assets.xcassets */; };
		618B7B181DB1CD1400F8B832 /* SMGTableCell.m in Sources */ = {isa = PBXBuildFile; fileRef = 618B7B171DB1CD1400F8B832 /* SMGTableCell.m */; };
		618B7B1B1DB1CE1300F8B832 /* SMGTable.m in Sources */ = {isa = PBXBuildFile; fileRef = 618B7B1A1DB1CE1300F8B832 /* SMGTable.m */; };
		618B7B1E1DB2A28B00F8B832 /* SMGTools.m in Sources */ = {isa = PBXBuildFile; fileRef = 618B7B1D1DB2A28B00F8B832 /* SMGTools.m */; };
		61920FEF1CDA899600BF55A9 /* SMGModelSingleton.m in Sources */ = {isa = PBXBuildFile; fileRef = 61920FEE1CDA899600BF55A9 /* SMGModelSingleton.m */; };
		61920FF21CDC2A1B00BF55A9 /* SMGModel.m in Sources */ = {isa = PBXBuildFile; fileRef = 61920FF11CDC2A1B00BF55A9 /* SMGModel.m */; };
		619D2A951D0CA6C9003D9F29 /* SMGHorizontalPickerView.m in Sources */ = {isa = PBXBuildFile; fileRef = 619D2A941D0CA6C9003D9F29 /* SMGHorizontalPickerView.m */; };
		619DF4271CB20AD700C9D980 /* SMGButton.m in Sources */ = {isa = PBXBuildFile; fileRef = 619DF4261CB20AD700C9D980 /* SMGButton.m */; };
		619DF42A1CB2DB3B00C9D980 /* BookVC.m in Sources */ = {isa = PBXBuildFile; fileRef = 619DF4291CB2DB3B00C9D980 /* BookVC.m */; };
		619DF42D1CB2DC2600C9D980 /* SettingsVC.m in Sources */ = {isa = PBXBuildFile; fileRef = 619DF42C1CB2DC2600C9D980 /* SettingsVC.m */; };
		619DF4301CB2DC5000C9D980 /* QuoteVC.m in Sources */ = {isa = PBXBuildFile; fileRef = 619DF42F1CB2DC5000C9D980 /* QuoteVC.m */; };
		61BC81351C659D6000BB26BA /* meditations-manifest.json in Resources */ = {isa = PBXBuildFile; fileRef = 61BC81321C659D6000BB26BA /* meditations-manifest.json */; };
		61BC81361C659D6000BB26BA /* meditations-quotes.json in Resources */ = {isa = PBXBuildFile; fileRef = 61BC81331C659D6000BB26BA /* meditations-quotes.json */; };
		61BC81371C659D6000BB26BA /* meditations-verses-english-classic.json in Resources */ = {isa = PBXBuildFile; fileRef = 61BC81341C659D6000BB26BA /* meditations-verses-english-classic.json */; };
		61BC814D1C65A80700BB26BA /* jquery-1.10.2.min.js in Resources */ = {isa = PBXBuildFile; fileRef = 61BC81421C65A80700BB26BA /* jquery-1.10.2.min.js */; };
		61BC814E1C65A80700BB26BA /* jquery-2.1.4.min.js in Resources */ = {isa = PBXBuildFile; fileRef = 61BC81431C65A80700BB26BA /* jquery-2.1.4.min.js */; };
		61BC814F1C65A80700BB26BA /* jquery.min.js in Resources */ = {isa = PBXBuildFile; fileRef = 61BC81441C65A80700BB26BA /* jquery.min.js */; };
		61BC81501C65A80700BB26BA /* jquery.mobile-1.4.5.min.css in Resources */ = {isa = PBXBuildFile; fileRef = 61BC81451C65A80700BB26BA /* jquery.mobile-1.4.5.min.css */; };
		61BC81511C65A80700BB26BA /* jquery.mobile-1.4.5.min.js in Resources */ = {isa = PBXBuildFile; fileRef = 61BC81461C65A80700BB26BA /* jquery.mobile-1.4.5.min.js */; };
		61BC81521C65A80700BB26BA /* book.html in Resources */ = {isa = PBXBuildFile; fileRef = 61BC81471C65A80700BB26BA /* book.html */; };
		61BC81531C65A80700BB26BA /* meditations-book-lang-english-classic.html in Resources */ = {isa = PBXBuildFile; fileRef = 61BC81481C65A80700BB26BA /* meditations-book-lang-english-classic.html */; };
		61BC81541C65A80700BB26BA /* meditations-book-lang-english-modern.html in Resources */ = {isa = PBXBuildFile; fileRef = 61BC81491C65A80700BB26BA /* meditations-book-lang-english-modern.html */; };
		61BC81551C65A80700BB26BA /* meditations.css in Resources */ = {isa = PBXBuildFile; fileRef = 61BC814A1C65A80700BB26BA /* meditations.css */; };
		61BC81561C65A80700BB26BA /* meditations.js in Resources */ = {isa = PBXBuildFile; fileRef = 61BC814B1C65A80700BB26BA /* meditations.js */; };
		61BC81571C65A80700BB26BA /* quote.js in Resources */ = {isa = PBXBuildFile; fileRef = 61BC814C1C65A80700BB26BA /* quote.js */; };
		61BC81591C65AA7C00BB26BA /* quote.html in Resources */ = {isa = PBXBuildFile; fileRef = 61BC81581C65AA7C00BB26BA /* quote.html */; };
		61C1C44B1C64EEB30077BC35 /* SMGGraphics.m in Sources */ = {isa = PBXBuildFile; fileRef = 61C1C44A1C64EEB30077BC35 /* SMGGraphics.m */; };
		61C1C44E1C6507510077BC35 /* UITabbar-Appearance.jpg in Resources */ = {isa = PBXBuildFile; fileRef = 61C1C44D1C6507510077BC35 /* UITabbar-Appearance.jpg */; };
		61EEB6B81CABAE7A000BCC67 /* SMGAppDelegateBeforePodsMar2016.h.m in Sources */ = {isa = PBXBuildFile; fileRef = 61EEB6B71CABAE7A000BCC67 /* SMGAppDelegateBeforePodsMar2016.h.m */; };
/* End PBXBuildFile section */

/* Begin PBXFileReference section */
		612AF3D21C65C01C003B3ABD /* scratchpad */ = {isa = PBXFileReference; fileEncoding = 4; lastKnownFileType = text; path = scratchpad; sourceTree = "<group>"; };
		613C97CC1D0E1D2600710BF5 /* SMGHorizontalPickerViewProtocol.h */ = {isa = PBXFileReference; lastKnownFileType = sourcecode.c.h; path = SMGHorizontalPickerViewProtocol.h; sourceTree = "<group>"; };
		6151180F1BEEDEA100F2B485 /* Marcus.app */ = {isa = PBXFileReference; explicitFileType = wrapper.application; includeInIndex = 0; path = Marcus.app; sourceTree = BUILT_PRODUCTS_DIR; };
		615118131BEEDEA100F2B485 /* main.m */ = {isa = PBXFileReference; lastKnownFileType = sourcecode.c.objc; path = main.m; sourceTree = "<group>"; };
		615118151BEEDEA100F2B485 /* SMGAppDelegate.h */ = {isa = PBXFileReference; lastKnownFileType = sourcecode.c.h; path = SMGAppDelegate.h; sourceTree = "<group>"; };
		615118161BEEDEA100F2B485 /* SMGAppDelegate.m */ = {isa = PBXFileReference; lastKnownFileType = sourcecode.c.objc; path = SMGAppDelegate.m; sourceTree = "<group>"; };
		615118231BEEDEA100F2B485 /* Info.plist */ = {isa = PBXFileReference; lastKnownFileType = text.plist.xml; path = Info.plist; sourceTree = "<group>"; };
		615118321BEEF44100F2B485 /* SMGViewController.h */ = {isa = PBXFileReference; fileEncoding = 4; lastKnownFileType = sourcecode.c.h; path = SMGViewController.h; sourceTree = "<group>"; };
		615118331BEEF44100F2B485 /* SMGViewController.m */ = {isa = PBXFileReference; fileEncoding = 4; lastKnownFileType = sourcecode.c.objc; path = SMGViewController.m; sourceTree = "<group>"; };
		6151184A1BEF034700F2B485 /* app-info.html */ = {isa = PBXFileReference; fileEncoding = 4; lastKnownFileType = text.html; name = "app-info.html"; path = "Marcus/app-info.html"; sourceTree = "<group>"; };
		6151184C1BEF042700F2B485 /* app-info.css */ = {isa = PBXFileReference; fileEncoding = 4; lastKnownFileType = text.css; name = "app-info.css"; path = "Marcus/app-info.css"; sourceTree = "<group>"; };
		61518B0F1C65F33200266581 /* SMGAppDelegateJan2016.m */ = {isa = PBXFileReference; fileEncoding = 4; lastKnownFileType = sourcecode.c.objc; path = SMGAppDelegateJan2016.m; sourceTree = "<group>"; };
		616CBC961CC6AF3D0022C64D /* SMGViewHeader.h */ = {isa = PBXFileReference; fileEncoding = 4; lastKnownFileType = sourcecode.c.h; path = SMGViewHeader.h; sourceTree = "<group>"; };
		616CBC971CC6AF3D0022C64D /* SMGViewHeader.m */ = {isa = PBXFileReference; fileEncoding = 4; lastKnownFileType = sourcecode.c.objc; path = SMGViewHeader.m; sourceTree = "<group>"; };
		6182BE1A2186055A0036830F /* Assets.xcassets */ = {isa = PBXFileReference; lastKnownFileType = folder.assetcatalog; path = Assets.xcassets; sourceTree = "<group>"; };
		618B7B161DB1CD1400F8B832 /* SMGTableCell.h */ = {isa = PBXFileReference; fileEncoding = 4; lastKnownFileType = sourcecode.c.h; path = SMGTableCell.h; sourceTree = "<group>"; };
		618B7B171DB1CD1400F8B832 /* SMGTableCell.m */ = {isa = PBXFileReference; fileEncoding = 4; lastKnownFileType = sourcecode.c.objc; path = SMGTableCell.m; sourceTree = "<group>"; };
		618B7B191DB1CE1300F8B832 /* SMGTable.h */ = {isa = PBXFileReference; fileEncoding = 4; lastKnownFileType = sourcecode.c.h; path = SMGTable.h; sourceTree = "<group>"; };
		618B7B1A1DB1CE1300F8B832 /* SMGTable.m */ = {isa = PBXFileReference; fileEncoding = 4; lastKnownFileType = sourcecode.c.objc; path = SMGTable.m; sourceTree = "<group>"; };
		618B7B1C1DB2A28B00F8B832 /* SMGTools.h */ = {isa = PBXFileReference; fileEncoding = 4; lastKnownFileType = sourcecode.c.h; path = SMGTools.h; sourceTree = "<group>"; };
		618B7B1D1DB2A28B00F8B832 /* SMGTools.m */ = {isa = PBXFileReference; fileEncoding = 4; lastKnownFileType = sourcecode.c.objc; path = SMGTools.m; sourceTree = "<group>"; };
		61920FED1CDA899600BF55A9 /* SMGModelSingleton.h */ = {isa = PBXFileReference; fileEncoding = 4; lastKnownFileType = sourcecode.c.h; path = SMGModelSingleton.h; sourceTree = "<group>"; };
		61920FEE1CDA899600BF55A9 /* SMGModelSingleton.m */ = {isa = PBXFileReference; fileEncoding = 4; lastKnownFileType = sourcecode.c.objc; path = SMGModelSingleton.m; sourceTree = "<group>"; };
		61920FF01CDC2A1B00BF55A9 /* SMGModel.h */ = {isa = PBXFileReference; fileEncoding = 4; lastKnownFileType = sourcecode.c.h; path = SMGModel.h; sourceTree = "<group>"; };
		61920FF11CDC2A1B00BF55A9 /* SMGModel.m */ = {isa = PBXFileReference; fileEncoding = 4; lastKnownFileType = sourcecode.c.objc; path = SMGModel.m; sourceTree = "<group>"; };
		619D2A931D0CA6C9003D9F29 /* SMGHorizontalPickerView.h */ = {isa = PBXFileReference; fileEncoding = 4; lastKnownFileType = sourcecode.c.h; path = SMGHorizontalPickerView.h; sourceTree = "<group>"; };
		619D2A941D0CA6C9003D9F29 /* SMGHorizontalPickerView.m */ = {isa = PBXFileReference; fileEncoding = 4; lastKnownFileType = sourcecode.c.objc; path = SMGHorizontalPickerView.m; sourceTree = "<group>"; };
		619DF4251CB20AD700C9D980 /* SMGButton.h */ = {isa = PBXFileReference; fileEncoding = 4; lastKnownFileType = sourcecode.c.h; path = SMGButton.h; sourceTree = "<group>"; };
		619DF4261CB20AD700C9D980 /* SMGButton.m */ = {isa = PBXFileReference; fileEncoding = 4; lastKnownFileType = sourcecode.c.objc; path = SMGButton.m; sourceTree = "<group>"; };
		619DF4281CB2DB3B00C9D980 /* BookVC.h */ = {isa = PBXFileReference; fileEncoding = 4; lastKnownFileType = sourcecode.c.h; path = BookVC.h; sourceTree = "<group>"; };
		619DF4291CB2DB3B00C9D980 /* BookVC.m */ = {isa = PBXFileReference; fileEncoding = 4; lastKnownFileType = sourcecode.c.objc; path = BookVC.m; sourceTree = "<group>"; xcLanguageSpecificationIdentifier = xcode.lang.objc; };
		619DF42B1CB2DC2600C9D980 /* SettingsVC.h */ = {isa = PBXFileReference; fileEncoding = 4; lastKnownFileType = sourcecode.c.h; path = SettingsVC.h; sourceTree = "<group>"; };
		619DF42C1CB2DC2600C9D980 /* SettingsVC.m */ = {isa = PBXFileReference; fileEncoding = 4; lastKnownFileType = sourcecode.c.objc; path = SettingsVC.m; sourceTree = "<group>"; };
		619DF42E1CB2DC5000C9D980 /* QuoteVC.h */ = {isa = PBXFileReference; fileEncoding = 4; lastKnownFileType = sourcecode.c.h; path = QuoteVC.h; sourceTree = "<group>"; };
		619DF42F1CB2DC5000C9D980 /* QuoteVC.m */ = {isa = PBXFileReference; fileEncoding = 4; lastKnownFileType = sourcecode.c.objc; path = QuoteVC.m; sourceTree = "<group>"; };
		61BC81321C659D6000BB26BA /* meditations-manifest.json */ = {isa = PBXFileReference; fileEncoding = 4; lastKnownFileType = text.json; path = "meditations-manifest.json"; sourceTree = "<group>"; };
		61BC81331C659D6000BB26BA /* meditations-quotes.json */ = {isa = PBXFileReference; fileEncoding = 4; lastKnownFileType = text.json; path = "meditations-quotes.json"; sourceTree = "<group>"; };
		61BC81341C659D6000BB26BA /* meditations-verses-english-classic.json */ = {isa = PBXFileReference; fileEncoding = 4; lastKnownFileType = text.json; path = "meditations-verses-english-classic.json"; sourceTree = "<group>"; };
		61BC81421C65A80700BB26BA /* jquery-1.10.2.min.js */ = {isa = PBXFileReference; fileEncoding = 4; lastKnownFileType = sourcecode.javascript; name = "jquery-1.10.2.min.js"; path = "Marcus/jquery-1.10.2.min.js"; sourceTree = "<group>"; };
		61BC81431C65A80700BB26BA /* jquery-2.1.4.min.js */ = {isa = PBXFileReference; fileEncoding = 4; lastKnownFileType = sourcecode.javascript; name = "jquery-2.1.4.min.js"; path = "Marcus/jquery-2.1.4.min.js"; sourceTree = "<group>"; };
		61BC81441C65A80700BB26BA /* jquery.min.js */ = {isa = PBXFileReference; fileEncoding = 4; lastKnownFileType = sourcecode.javascript; name = jquery.min.js; path = Marcus/jquery.min.js; sourceTree = "<group>"; };
		61BC81451C65A80700BB26BA /* jquery.mobile-1.4.5.min.css */ = {isa = PBXFileReference; fileEncoding = 4; lastKnownFileType = text.css; name = "jquery.mobile-1.4.5.min.css"; path = "Marcus/jquery.mobile-1.4.5.min.css"; sourceTree = "<group>"; };
		61BC81461C65A80700BB26BA /* jquery.mobile-1.4.5.min.js */ = {isa = PBXFileReference; fileEncoding = 4; lastKnownFileType = sourcecode.javascript; name = "jquery.mobile-1.4.5.min.js"; path = "Marcus/jquery.mobile-1.4.5.min.js"; sourceTree = "<group>"; };
		61BC81471C65A80700BB26BA /* book.html */ = {isa = PBXFileReference; fileEncoding = 4; lastKnownFileType = text.html; name = book.html; path = Marcus/book.html; sourceTree = "<group>"; };
		61BC81481C65A80700BB26BA /* meditations-book-lang-english-classic.html */ = {isa = PBXFileReference; fileEncoding = 4; lastKnownFileType = text.html; name = "meditations-book-lang-english-classic.html"; path = "Marcus/meditations-book-lang-english-classic.html"; sourceTree = "<group>"; };
		61BC81491C65A80700BB26BA /* meditations-book-lang-english-modern.html */ = {isa = PBXFileReference; fileEncoding = 4; lastKnownFileType = text.html; name = "meditations-book-lang-english-modern.html"; path = "Marcus/meditations-book-lang-english-modern.html"; sourceTree = "<group>"; };
		61BC814A1C65A80700BB26BA /* meditations.css */ = {isa = PBXFileReference; fileEncoding = 4; lastKnownFileType = text.css; name = meditations.css; path = Marcus/meditations.css; sourceTree = "<group>"; };
		61BC814B1C65A80700BB26BA /* meditations.js */ = {isa = PBXFileReference; fileEncoding = 4; lastKnownFileType = sourcecode.javascript; name = meditations.js; path = Marcus/meditations.js; sourceTree = "<group>"; };
		61BC814C1C65A80700BB26BA /* quote.js */ = {isa = PBXFileReference; fileEncoding = 4; lastKnownFileType = sourcecode.javascript; name = quote.js; path = Marcus/quote.js; sourceTree = "<group>"; };
		61BC81581C65AA7C00BB26BA /* quote.html */ = {isa = PBXFileReference; fileEncoding = 4; lastKnownFileType = text.html; name = quote.html; path = Marcus/quote.html; sourceTree = "<group>"; };
		61C1C44A1C64EEB30077BC35 /* SMGGraphics.m */ = {isa = PBXFileReference; fileEncoding = 4; lastKnownFileType = sourcecode.c.objc; path = SMGGraphics.m; sourceTree = "<group>"; };
		61C1C44C1C64EED90077BC35 /* SMGGraphics.h */ = {isa = PBXFileReference; fileEncoding = 4; lastKnownFileType = sourcecode.c.h; path = SMGGraphics.h; sourceTree = "<group>"; };
		61C1C44D1C6507510077BC35 /* UITabbar-Appearance.jpg */ = {isa = PBXFileReference; lastKnownFileType = image.jpeg; name = "UITabbar-Appearance.jpg"; path = "Marcus/UITabbar-Appearance.jpg"; sourceTree = "<group>"; };
		61EEB6B71CABAE7A000BCC67 /* SMGAppDelegateBeforePodsMar2016.h.m */ = {isa = PBXFileReference; fileEncoding = 4; lastKnownFileType = sourcecode.c.objc; path = SMGAppDelegateBeforePodsMar2016.h.m; sourceTree = "<group>"; };
		AB3E592988C3BE9EF81AACDB /* Pods-Marcus.debug.xcconfig */ = {isa = PBXFileReference; includeInIndex = 1; lastKnownFileType = text.xcconfig; name = "Pods-Marcus.debug.xcconfig"; path = "Pods/Target Support Files/Pods-Marcus/Pods-Marcus.debug.xcconfig"; sourceTree = "<group>"; };
		B479621EE1556569654DEED3 /* Pods-Marcus.release.xcconfig */ = {isa = PBXFileReference; includeInIndex = 1; lastKnownFileType = text.xcconfig; name = "Pods-Marcus.release.xcconfig"; path = "Pods/Target Support Files/Pods-Marcus/Pods-Marcus.release.xcconfig"; sourceTree = "<group>"; };
		EB8E7E4C4A9A36BEC3D29D2E /* libPods-Marcus.a */ = {isa = PBXFileReference; explicitFileType = archive.ar; includeInIndex = 0; path = "libPods-Marcus.a"; sourceTree = BUILT_PRODUCTS_DIR; };
/* End PBXFileReference section */

/* Begin PBXFrameworksBuildPhase section */
		6151180C1BEEDEA100F2B485 /* Frameworks */ = {
			isa = PBXFrameworksBuildPhase;
			buildActionMask = 2147483647;
			files = (
				4F2319DE862AB6207F1B8742 /* libPods-Marcus.a in Frameworks */,
			);
			runOnlyForDeploymentPostprocessing = 0;
		};
/* End PBXFrameworksBuildPhase section */

/* Begin PBXGroup section */
		00CFDBB98E077F4740B6468A /* Frameworks */ = {
			isa = PBXGroup;
			children = (
				EB8E7E4C4A9A36BEC3D29D2E /* libPods-Marcus.a */,
			);
			name = Frameworks;
			sourceTree = "<group>";
		};
		0A104B0BB28FA9E94AFB50C8 /* Pods */ = {
			isa = PBXGroup;
			children = (
				AB3E592988C3BE9EF81AACDB /* Pods-Marcus.debug.xcconfig */,
				B479621EE1556569654DEED3 /* Pods-Marcus.release.xcconfig */,
			);
			name = Pods;
			sourceTree = "<group>";
		};
		615118061BEEDEA100F2B485 = {
			isa = PBXGroup;
			children = (
				61C1C44D1C6507510077BC35 /* UITabbar-Appearance.jpg */,
				615118411BEEFE3300F2B485 /* Images & App Icons */,
				615118111BEEDEA100F2B485 /* Classes */,
				619C0E561C658D1600BAA27A /* html */,
				615118101BEEDEA100F2B485 /* Products */,
				0A104B0BB28FA9E94AFB50C8 /* Pods */,
				00CFDBB98E077F4740B6468A /* Frameworks */,
			);
			sourceTree = "<group>";
		};
		615118101BEEDEA100F2B485 /* Products */ = {
			isa = PBXGroup;
			children = (
				6151180F1BEEDEA100F2B485 /* Marcus.app */,
			);
			name = Products;
			sourceTree = "<group>";
		};
		615118111BEEDEA100F2B485 /* Classes */ = {
			isa = PBXGroup;
			children = (
				615118121BEEDEA100F2B485 /* Supporting Files */,
				615118151BEEDEA100F2B485 /* SMGAppDelegate.h */,
				615118161BEEDEA100F2B485 /* SMGAppDelegate.m */,
				61920FF01CDC2A1B00BF55A9 /* SMGModel.h */,
				61920FF11CDC2A1B00BF55A9 /* SMGModel.m */,
				618B7B1C1DB2A28B00F8B832 /* SMGTools.h */,
				618B7B1D1DB2A28B00F8B832 /* SMGTools.m */,
				619DF42B1CB2DC2600C9D980 /* SettingsVC.h */,
				619DF42C1CB2DC2600C9D980 /* SettingsVC.m */,
				619DF42E1CB2DC5000C9D980 /* QuoteVC.h */,
				619DF42F1CB2DC5000C9D980 /* QuoteVC.m */,
				619DF4281CB2DB3B00C9D980 /* BookVC.h */,
				619DF4291CB2DB3B00C9D980 /* BookVC.m */,
				615118321BEEF44100F2B485 /* SMGViewController.h */,
				615118331BEEF44100F2B485 /* SMGViewController.m */,
				616CBC961CC6AF3D0022C64D /* SMGViewHeader.h */,
				616CBC971CC6AF3D0022C64D /* SMGViewHeader.m */,
				619DF4251CB20AD700C9D980 /* SMGButton.h */,
				619DF4261CB20AD700C9D980 /* SMGButton.m */,
				61920FED1CDA899600BF55A9 /* SMGModelSingleton.h */,
				61920FEE1CDA899600BF55A9 /* SMGModelSingleton.m */,
				618B7B161DB1CD1400F8B832 /* SMGTableCell.h */,
				618B7B191DB1CE1300F8B832 /* SMGTable.h */,
				618B7B1A1DB1CE1300F8B832 /* SMGTable.m */,
				618B7B171DB1CD1400F8B832 /* SMGTableCell.m */,
				61C1C44C1C64EED90077BC35 /* SMGGraphics.h */,
				61C1C44A1C64EEB30077BC35 /* SMGGraphics.m */,
				612AF3D21C65C01C003B3ABD /* scratchpad */,
				61518B0F1C65F33200266581 /* SMGAppDelegateJan2016.m */,
				61EEB6B71CABAE7A000BCC67 /* SMGAppDelegateBeforePodsMar2016.h.m */,
				619D2A931D0CA6C9003D9F29 /* SMGHorizontalPickerView.h */,
				619D2A941D0CA6C9003D9F29 /* SMGHorizontalPickerView.m */,
				613C97CC1D0E1D2600710BF5 /* SMGHorizontalPickerViewProtocol.h */,
			);
			name = Classes;
			path = Marcus;
			sourceTree = "<group>";
		};
		615118121BEEDEA100F2B485 /* Supporting Files */ = {
			isa = PBXGroup;
			children = (
				61BC81321C659D6000BB26BA /* meditations-manifest.json */,
				61BC81331C659D6000BB26BA /* meditations-quotes.json */,
				61BC81341C659D6000BB26BA /* meditations-verses-english-classic.json */,
				615118231BEEDEA100F2B485 /* Info.plist */,
				615118131BEEDEA100F2B485 /* main.m */,
			);
			name = "Supporting Files";
			sourceTree = "<group>";
		};
		615118411BEEFE3300F2B485 /* Images & App Icons */ = {
			isa = PBXGroup;
			children = (
				6182BE1A2186055A0036830F /* Assets.xcassets */,
			);
			name = "Images & App Icons";
			path = Marcus;
			sourceTree = "<group>";
		};
		619C0E561C658D1600BAA27A /* html */ = {
			isa = PBXGroup;
			children = (
				61BC81421C65A80700BB26BA /* jquery-1.10.2.min.js */,
				61BC81431C65A80700BB26BA /* jquery-2.1.4.min.js */,
				61BC81441C65A80700BB26BA /* jquery.min.js */,
				61BC81451C65A80700BB26BA /* jquery.mobile-1.4.5.min.css */,
				61BC81461C65A80700BB26BA /* jquery.mobile-1.4.5.min.js */,
				61BC81471C65A80700BB26BA /* book.html */,
				61BC81581C65AA7C00BB26BA /* quote.html */,
				61BC81481C65A80700BB26BA /* meditations-book-lang-english-classic.html */,
				61BC81491C65A80700BB26BA /* meditations-book-lang-english-modern.html */,
				61BC814A1C65A80700BB26BA /* meditations.css */,
				61BC814B1C65A80700BB26BA /* meditations.js */,
				61BC814C1C65A80700BB26BA /* quote.js */,
				6151184C1BEF042700F2B485 /* app-info.css */,
				6151184A1BEF034700F2B485 /* app-info.html */,
			);
			name = html;
			sourceTree = "<group>";
		};
/* End PBXGroup section */

/* Begin PBXNativeTarget section */
		6151180E1BEEDEA100F2B485 /* Marcus */ = {
			isa = PBXNativeTarget;
			buildConfigurationList = 615118261BEEDEA100F2B485 /* Build configuration list for PBXNativeTarget "Marcus" */;
			buildPhases = (
				1E014FC872463D4C6F07F580 /* [CP] Check Pods Manifest.lock */,
				6151180B1BEEDEA100F2B485 /* Sources */,
				6151180C1BEEDEA100F2B485 /* Frameworks */,
				6151180D1BEEDEA100F2B485 /* Resources */,
				304824402DF302324ADAE199 /* [CP] Embed Pods Frameworks */,
				90C92F7631CE4B1D7AED85E2 /* [CP] Copy Pods Resources */,
			);
			buildRules = (
			);
			dependencies = (
			);
			name = Marcus;
			productName = Marcus;
			productReference = 6151180F1BEEDEA100F2B485 /* Marcus.app */;
			productType = "com.apple.product-type.application";
		};
/* End PBXNativeTarget section */

/* Begin PBXProject section */
		615118071BEEDEA100F2B485 /* Project object */ = {
			isa = PBXProject;
			attributes = {
				LastUpgradeCheck = 0820;
				ORGANIZATIONNAME = SMGMobile;
				TargetAttributes = {
					6151180E1BEEDEA100F2B485 = {
						CreatedOnToolsVersion = 7.0;
						DevelopmentTeam = AU9ACKWA7Q;
					};
				};
			};
			buildConfigurationList = 6151180A1BEEDEA100F2B485 /* Build configuration list for PBXProject "Marcus" */;
			compatibilityVersion = "Xcode 3.2";
			developmentRegion = English;
			hasScannedForEncodings = 0;
			knownRegions = (
				en,
				Base,
			);
			mainGroup = 615118061BEEDEA100F2B485;
			productRefGroup = 615118101BEEDEA100F2B485 /* Products */;
			projectDirPath = "";
			projectRoot = "";
			targets = (
				6151180E1BEEDEA100F2B485 /* Marcus */,
			);
		};
/* End PBXProject section */

/* Begin PBXResourcesBuildPhase section */
		6151180D1BEEDEA100F2B485 /* Resources */ = {
			isa = PBXResourcesBuildPhase;
			buildActionMask = 2147483647;
			files = (
				61BC814D1C65A80700BB26BA /* jquery-1.10.2.min.js in Resources */,
				61BC81531C65A80700BB26BA /* meditations-book-lang-english-classic.html in Resources */,
				61BC81521C65A80700BB26BA /* book.html in Resources */,
				6151184B1BEF034700F2B485 /* app-info.html in Resources */,
				61BC81551C65A80700BB26BA /* meditations.css in Resources */,
				61BC814E1C65A80700BB26BA /* jquery-2.1.4.min.js in Resources */,
				61BC81501C65A80700BB26BA /* jquery.mobile-1.4.5.min.css in Resources */,
				61BC81371C659D6000BB26BA /* meditations-verses-english-classic.json in Resources */,
				61BC81351C659D6000BB26BA /* meditations-manifest.json in Resources */,
				61BC81561C65A80700BB26BA /* meditations.js in Resources */,
				61BC814F1C65A80700BB26BA /* jquery.min.js in Resources */,
				6151184D1BEF042700F2B485 /* app-info.css in Resources */,
				612AF3D31C65C01C003B3ABD /* scratchpad in Resources */,
				61BC81541C65A80700BB26BA /* meditations-book-lang-english-modern.html in Resources */,
				6182BE1B2186055A0036830F /* Assets.xcassets in Resources */,
				61BC81571C65A80700BB26BA /* quote.js in Resources */,
				61C1C44E1C6507510077BC35 /* UITabbar-Appearance.jpg in Resources */,
				61BC81591C65AA7C00BB26BA /* quote.html in Resources */,
				61BC81361C659D6000BB26BA /* meditations-quotes.json in Resources */,
				61BC81511C65A80700BB26BA /* jquery.mobile-1.4.5.min.js in Resources */,
			);
			runOnlyForDeploymentPostprocessing = 0;
		};
/* End PBXResourcesBuildPhase section */

/* Begin PBXShellScriptBuildPhase section */
		1E014FC872463D4C6F07F580 /* [CP] Check Pods Manifest.lock */ = {
			isa = PBXShellScriptBuildPhase;
			buildActionMask = 2147483647;
			files = (
			);
			inputPaths = (
			);
			name = "[CP] Check Pods Manifest.lock";
			outputPaths = (
			);
			runOnlyForDeploymentPostprocessing = 0;
			shellPath = /bin/sh;
			shellScript = "diff \"${PODS_ROOT}/../Podfile.lock\" \"${PODS_ROOT}/Manifest.lock\" > /dev/null\nif [[ $? != 0 ]] ; then\n    cat << EOM\nerror: The sandbox is not in sync with the Podfile.lock. Run 'pod install' or update your CocoaPods installation.\nEOM\n    exit 1\nfi\n";
			showEnvVarsInLog = 0;
		};
		304824402DF302324ADAE199 /* [CP] Embed Pods Frameworks */ = {
			isa = PBXShellScriptBuildPhase;
			buildActionMask = 2147483647;
			files = (
			);
			inputPaths = (
			);
			name = "[CP] Embed Pods Frameworks";
			outputPaths = (
			);
			runOnlyForDeploymentPostprocessing = 0;
			shellPath = /bin/sh;
			shellScript = "\"${SRCROOT}/Pods/Target Support Files/Pods-Marcus/Pods-Marcus-frameworks.sh\"\n";
			showEnvVarsInLog = 0;
		};
		90C92F7631CE4B1D7AED85E2 /* [CP] Copy Pods Resources */ = {
			isa = PBXShellScriptBuildPhase;
			buildActionMask = 2147483647;
			files = (
			);
			inputPaths = (
			);
			name = "[CP] Copy Pods Resources";
			outputPaths = (
			);
			runOnlyForDeploymentPostprocessing = 0;
			shellPath = /bin/sh;
			shellScript = "\"${SRCROOT}/Pods/Target Support Files/Pods-Marcus/Pods-Marcus-resources.sh\"\n";
			showEnvVarsInLog = 0;
		};
/* End PBXShellScriptBuildPhase section */

/* Begin PBXSourcesBuildPhase section */
		6151180B1BEEDEA100F2B485 /* Sources */ = {
			isa = PBXSourcesBuildPhase;
			buildActionMask = 2147483647;
			files = (
				615118341BEEF44100F2B485 /* SMGViewController.m in Sources */,
				61920FEF1CDA899600BF55A9 /* SMGModelSingleton.m in Sources */,
				615118171BEEDEA100F2B485 /* SMGAppDelegate.m in Sources */,
				61518B101C65F33200266581 /* SMGAppDelegateJan2016.m in Sources */,
				618B7B1B1DB1CE1300F8B832 /* SMGTable.m in Sources */,
				619D2A951D0CA6C9003D9F29 /* SMGHorizontalPickerView.m in Sources */,
				616CBC981CC6AF3D0022C64D /* SMGViewHeader.m in Sources */,
				61920FF21CDC2A1B00BF55A9 /* SMGModel.m in Sources */,
				61C1C44B1C64EEB30077BC35 /* SMGGraphics.m in Sources */,
				618B7B181DB1CD1400F8B832 /* SMGTableCell.m in Sources */,
				615118141BEEDEA100F2B485 /* main.m in Sources */,
				619DF42D1CB2DC2600C9D980 /* SettingsVC.m in Sources */,
				618B7B1E1DB2A28B00F8B832 /* SMGTools.m in Sources */,
				61EEB6B81CABAE7A000BCC67 /* SMGAppDelegateBeforePodsMar2016.h.m in Sources */,
				619DF4271CB20AD700C9D980 /* SMGButton.m in Sources */,
				619DF42A1CB2DB3B00C9D980 /* BookVC.m in Sources */,
				619DF4301CB2DC5000C9D980 /* QuoteVC.m in Sources */,
			);
			runOnlyForDeploymentPostprocessing = 0;
		};
/* End PBXSourcesBuildPhase section */

/* Begin XCBuildConfiguration section */
		615118241BEEDEA100F2B485 /* Debug */ = {
			isa = XCBuildConfiguration;
			buildSettings = {
				ALWAYS_SEARCH_USER_PATHS = NO;
				CLANG_ALLOW_NON_MODULAR_INCLUDES_IN_FRAMEWORK_MODULES = YES;
				CLANG_CXX_LANGUAGE_STANDARD = "gnu++0x";
				CLANG_CXX_LIBRARY = "libc++";
				CLANG_ENABLE_MODULES = YES;
				CLANG_ENABLE_OBJC_ARC = YES;
				CLANG_ENABLE_OBJC_WEAK = YES;
				CLANG_WARN_BOOL_CONVERSION = YES;
				CLANG_WARN_CONSTANT_CONVERSION = YES;
				CLANG_WARN_DIRECT_OBJC_ISA_USAGE = YES_ERROR;
				CLANG_WARN_EMPTY_BODY = YES;
				CLANG_WARN_ENUM_CONVERSION = YES;
				CLANG_WARN_INFINITE_RECURSION = YES;
				CLANG_WARN_INT_CONVERSION = YES;
				CLANG_WARN_OBJC_ROOT_CLASS = YES_ERROR;
				CLANG_WARN_SUSPICIOUS_MOVE = YES;
				CLANG_WARN_UNREACHABLE_CODE = YES;
				CLANG_WARN__DUPLICATE_METHOD_MATCH = YES;
				"CODE_SIGN_IDENTITY[sdk=iphoneos*]" = "";
				COPY_PHASE_STRIP = NO;
				DEBUG_INFORMATION_FORMAT = dwarf;
				DEFINES_MODULE = YES;
				ENABLE_STRICT_OBJC_MSGSEND = YES;
				ENABLE_TESTABILITY = YES;
				GCC_C_LANGUAGE_STANDARD = gnu99;
				GCC_DYNAMIC_NO_PIC = NO;
				GCC_NO_COMMON_BLOCKS = YES;
				GCC_OPTIMIZATION_LEVEL = 0;
				GCC_PREPROCESSOR_DEFINITIONS = (
					"DEBUG=1",
					"$(inherited)",
				);
				GCC_WARN_64_TO_32_BIT_CONVERSION = YES;
				GCC_WARN_ABOUT_RETURN_TYPE = YES_ERROR;
				GCC_WARN_UNDECLARED_SELECTOR = YES;
				GCC_WARN_UNINITIALIZED_AUTOS = YES_AGGRESSIVE;
				GCC_WARN_UNUSED_FUNCTION = YES;
				GCC_WARN_UNUSED_VARIABLE = YES;
				IPHONEOS_DEPLOYMENT_TARGET = 8.4;
				MTL_ENABLE_DEBUG_INFO = YES;
				ONLY_ACTIVE_ARCH = YES;
				SDKROOT = iphoneos;
			};
			name = Debug;
		};
		615118251BEEDEA100F2B485 /* Release */ = {
			isa = XCBuildConfiguration;
			buildSettings = {
				ALWAYS_SEARCH_USER_PATHS = NO;
				CLANG_ALLOW_NON_MODULAR_INCLUDES_IN_FRAMEWORK_MODULES = YES;
				CLANG_CXX_LANGUAGE_STANDARD = "gnu++0x";
				CLANG_CXX_LIBRARY = "libc++";
				CLANG_ENABLE_MODULES = YES;
				CLANG_ENABLE_OBJC_ARC = YES;
				CLANG_ENABLE_OBJC_WEAK = YES;
				CLANG_WARN_BOOL_CONVERSION = YES;
				CLANG_WARN_CONSTANT_CONVERSION = YES;
				CLANG_WARN_DIRECT_OBJC_ISA_USAGE = YES_ERROR;
				CLANG_WARN_EMPTY_BODY = YES;
				CLANG_WARN_ENUM_CONVERSION = YES;
				CLANG_WARN_INFINITE_RECURSION = YES;
				CLANG_WARN_INT_CONVERSION = YES;
				CLANG_WARN_OBJC_ROOT_CLASS = YES_ERROR;
				CLANG_WARN_SUSPICIOUS_MOVE = YES;
				CLANG_WARN_UNREACHABLE_CODE = YES;
				CLANG_WARN__DUPLICATE_METHOD_MATCH = YES;
				"CODE_SIGN_IDENTITY[sdk=iphoneos*]" = "";
				COPY_PHASE_STRIP = NO;
				DEBUG_INFORMATION_FORMAT = "dwarf-with-dsym";
				DEFINES_MODULE = YES;
				ENABLE_NS_ASSERTIONS = NO;
				ENABLE_STRICT_OBJC_MSGSEND = YES;
				GCC_C_LANGUAGE_STANDARD = gnu99;
				GCC_NO_COMMON_BLOCKS = YES;
				GCC_WARN_64_TO_32_BIT_CONVERSION = YES;
				GCC_WARN_ABOUT_RETURN_TYPE = YES_ERROR;
				GCC_WARN_UNDECLARED_SELECTOR = YES;
				GCC_WARN_UNINITIALIZED_AUTOS = YES_AGGRESSIVE;
				GCC_WARN_UNUSED_FUNCTION = YES;
				GCC_WARN_UNUSED_VARIABLE = YES;
				IPHONEOS_DEPLOYMENT_TARGET = 8.4;
				MTL_ENABLE_DEBUG_INFO = NO;
				SDKROOT = iphoneos;
				VALIDATE_PRODUCT = YES;
			};
			name = Release;
		};
		615118271BEEDEA100F2B485 /* Debug */ = {
			isa = XCBuildConfiguration;
			baseConfigurationReference = AB3E592988C3BE9EF81AACDB /* Pods-Marcus.debug.xcconfig */;
			buildSettings = {
				ASSETCATALOG_COMPILER_APPICON_NAME = AppIcon;
				CODE_SIGN_IDENTITY = "iPhone Developer";
				INFOPLIST_FILE = Marcus/Info.plist;
				IPHONEOS_DEPLOYMENT_TARGET = 8.0;
				LD_RUNPATH_SEARCH_PATHS = "$(inherited) @executable_path/Frameworks";
				PRODUCT_BUNDLE_IDENTIFIER = com.smgmobile.Marcus;
				PRODUCT_NAME = "$(TARGET_NAME)";
			};
			name = Debug;
		};
		615118281BEEDEA100F2B485 /* Release */ = {
			isa = XCBuildConfiguration;
			baseConfigurationReference = B479621EE1556569654DEED3 /* Pods-Marcus.release.xcconfig */;
			buildSettings = {
				ASSETCATALOG_COMPILER_APPICON_NAME = AppIcon;
				CODE_SIGN_IDENTITY = "iPhone Developer";
				INFOPLIST_FILE = Marcus/Info.plist;
				IPHONEOS_DEPLOYMENT_TARGET = 8.0;
				LD_RUNPATH_SEARCH_PATHS = "$(inherited) @executable_path/Frameworks";
				PRODUCT_BUNDLE_IDENTIFIER = com.smgmobile.Marcus;
				PRODUCT_NAME = "$(TARGET_NAME)";
			};
			name = Release;
		};
/* End XCBuildConfiguration section */

/* Begin XCConfigurationList section */
		6151180A1BEEDEA100F2B485 /* Build configuration list for PBXProject "Marcus" */ = {
			isa = XCConfigurationList;
			buildConfigurations = (
				615118241BEEDEA100F2B485 /* Debug */,
				615118251BEEDEA100F2B485 /* Release */,
			);
			defaultConfigurationIsVisible = 0;
			defaultConfigurationName = Release;
		};
		615118261BEEDEA100F2B485 /* Build configuration list for PBXNativeTarget "Marcus" */ = {
			isa = XCConfigurationList;
			buildConfigurations = (
				615118271BEEDEA100F2B485 /* Debug */,
				615118281BEEDEA100F2B485 /* Release */,
			);
			defaultConfigurationIsVisible = 0;
			defaultConfigurationName = Release;
		};
/* End XCConfigurationList section */
	};
	rootObject = 615118071BEEDEA100F2B485 /* Project object */;
}
